
Microsoft Visual Studio Solution File, Format Version 12.00
# Visual Studio Version 16
VisualStudioVersion = 16.0.31402.337
MinimumVisualStudioVersion = 10.0.40219.1
Project("{FAE04EC0-301F-11D3-BF4B-00C04F79EFBC}") = "ТИ_4", "ТИ_4.csproj", "{C3D71C70-5DD0-439F-A540-139DB190040E}"
EndProject
Global
	GlobalSection(SolutionConfigurationPlatforms) = preSolution
		Debug|Any CPU = Debug|Any CPU
		Release|Any CPU = Release|Any CPU
	EndGlobalSection
	GlobalSection(ProjectConfigurationPlatforms) = postSolution
		{C3D71C70-5DD0-439F-A540-139DB190040E}.Debug|Any CPU.ActiveCfg = Debug|Any CPU
		{C3D71C70-5DD0-439F-A540-139DB190040E}.Debug|Any CPU.Build.0 = Debug|Any CPU
		{C3D71C70-5DD0-439F-A540-139DB190040E}.Release|Any CPU.ActiveCfg = Release|Any CPU
		{C3D71C70-5DD0-439F-A540-139DB190040E}.Release|Any CPU.Build.0 = Release|Any CPU
	EndGlobalSection
	GlobalSection(SolutionProperties) = preSolution
		HideSolutionNode = FALSE
	EndGlobalSection
	GlobalSection(ExtensibilityGlobals) = postSolution
		SolutionGuid = {9B455813-BB4B-4703-ABCC-DECF46B67298}
	EndGlobalSection
EndGlobal
