
Microsoft Visual Studio Solution File, Format Version 12.00
# Visual Studio Version 16
VisualStudioVersion = 16.0.31613.86
MinimumVisualStudioVersion = 10.0.40219.1
Project("{9A19103F-16F7-4668-BE54-9A1E7A4F7556}") = "Tracer.Serialization.Json", "Tracer.Serialization.Json\Tracer.Serialization.Json.csproj", "{873B9FDF-1E89-4A2D-B842-BE7DC7C3C225}"
EndProject
Project("{9A19103F-16F7-4668-BE54-9A1E7A4F7556}") = "Tracer.Serialization.Xml", "Tracer.Serialization.Xml\Tracer.Serialization.Xml.csproj", "{A9AD0CF1-DD9B-46C4-892B-585B7BD55C1F}"
EndProject
Project("{FAE04EC0-301F-11D3-BF4B-00C04F79EFBC}") = "Tracer.Serialization.Yaml", "Tracer.Serialization.Yaml\Tracer.Serialization.Yaml.csproj", "{0C31FDEA-C6F9-445F-A364-EA237204F2C2}"
EndProject
Global
	GlobalSection(SolutionConfigurationPlatforms) = preSolution
		Debug|Any CPU = Debug|Any CPU
		Release|Any CPU = Release|Any CPU
	EndGlobalSection
	GlobalSection(ProjectConfigurationPlatforms) = postSolution
		{873B9FDF-1E89-4A2D-B842-BE7DC7C3C225}.Debug|Any CPU.ActiveCfg = Debug|Any CPU
		{873B9FDF-1E89-4A2D-B842-BE7DC7C3C225}.Debug|Any CPU.Build.0 = Debug|Any CPU
		{873B9FDF-1E89-4A2D-B842-BE7DC7C3C225}.Release|Any CPU.ActiveCfg = Release|Any CPU
		{873B9FDF-1E89-4A2D-B842-BE7DC7C3C225}.Release|Any CPU.Build.0 = Release|Any CPU
		{A9AD0CF1-DD9B-46C4-892B-585B7BD55C1F}.Debug|Any CPU.ActiveCfg = Debug|Any CPU
		{A9AD0CF1-DD9B-46C4-892B-585B7BD55C1F}.Debug|Any CPU.Build.0 = Debug|Any CPU
		{A9AD0CF1-DD9B-46C4-892B-585B7BD55C1F}.Release|Any CPU.ActiveCfg = Release|Any CPU
		{A9AD0CF1-DD9B-46C4-892B-585B7BD55C1F}.Release|Any CPU.Build.0 = Release|Any CPU
		{0C31FDEA-C6F9-445F-A364-EA237204F2C2}.Debug|Any CPU.ActiveCfg = Debug|Any CPU
		{0C31FDEA-C6F9-445F-A364-EA237204F2C2}.Debug|Any CPU.Build.0 = Debug|Any CPU
		{0C31FDEA-C6F9-445F-A364-EA237204F2C2}.Release|Any CPU.ActiveCfg = Release|Any CPU
		{0C31FDEA-C6F9-445F-A364-EA237204F2C2}.Release|Any CPU.Build.0 = Release|Any CPU
	EndGlobalSection
	GlobalSection(SolutionProperties) = preSolution
		HideSolutionNode = FALSE
	EndGlobalSection
	GlobalSection(ExtensibilityGlobals) = postSolution
		SolutionGuid = {84BE099C-9955-43CB-B39C-4E85BEB4E741}
	EndGlobalSection
EndGlobal
