
Microsoft Visual Studio Solution File, Format Version 12.00
# Visual Studio Version 16
VisualStudioVersion = 16.0.31613.86
MinimumVisualStudioVersion = 10.0.40219.1
Project("{9A19103F-16F7-4668-BE54-9A1E7A4F7556}") = "Tracer.Serialization.Abstractions", "Tracer.Serialization.Abstractions\Tracer.Serialization.Abstractions.csproj", "{0D232AD6-82B8-4A35-972F-7776F71F9A25}"
EndProject
Project("{9A19103F-16F7-4668-BE54-9A1E7A4F7556}") = "Tracer.Core", "Tracer.Core\Tracer.Core.csproj", "{187FA2BB-1F9B-4C0F-9515-B8780CA901F7}"
EndProject
Project("{9A19103F-16F7-4668-BE54-9A1E7A4F7556}") = "Tracer.Core.Example", "Tracer.Core.Example\Tracer.Core.Example.csproj", "{121BBF0E-F940-4F94-B86D-AA2424C7C01F}"
EndProject
Project("{FAE04EC0-301F-11D3-BF4B-00C04F79EFBC}") = "Tracer.Core.Tests", "Tracer.Core.Tests\Tracer.Core.Tests.csproj", "{14E34E65-66BC-4025-A2A0-E7A619E4D63E}"
EndProject
Global
	GlobalSection(SolutionConfigurationPlatforms) = preSolution
		Debug|Any CPU = Debug|Any CPU
		Release|Any CPU = Release|Any CPU
	EndGlobalSection
	GlobalSection(ProjectConfigurationPlatforms) = postSolution
		{0D232AD6-82B8-4A35-972F-7776F71F9A25}.Debug|Any CPU.ActiveCfg = Debug|Any CPU
		{0D232AD6-82B8-4A35-972F-7776F71F9A25}.Debug|Any CPU.Build.0 = Debug|Any CPU
		{0D232AD6-82B8-4A35-972F-7776F71F9A25}.Release|Any CPU.ActiveCfg = Release|Any CPU
		{0D232AD6-82B8-4A35-972F-7776F71F9A25}.Release|Any CPU.Build.0 = Release|Any CPU
		{187FA2BB-1F9B-4C0F-9515-B8780CA901F7}.Debug|Any CPU.ActiveCfg = Debug|Any CPU
		{187FA2BB-1F9B-4C0F-9515-B8780CA901F7}.Debug|Any CPU.Build.0 = Debug|Any CPU
		{187FA2BB-1F9B-4C0F-9515-B8780CA901F7}.Release|Any CPU.ActiveCfg = Release|Any CPU
		{187FA2BB-1F9B-4C0F-9515-B8780CA901F7}.Release|Any CPU.Build.0 = Release|Any CPU
		{121BBF0E-F940-4F94-B86D-AA2424C7C01F}.Debug|Any CPU.ActiveCfg = Debug|Any CPU
		{121BBF0E-F940-4F94-B86D-AA2424C7C01F}.Debug|Any CPU.Build.0 = Debug|Any CPU
		{121BBF0E-F940-4F94-B86D-AA2424C7C01F}.Release|Any CPU.ActiveCfg = Release|Any CPU
		{121BBF0E-F940-4F94-B86D-AA2424C7C01F}.Release|Any CPU.Build.0 = Release|Any CPU
		{14E34E65-66BC-4025-A2A0-E7A619E4D63E}.Debug|Any CPU.ActiveCfg = Debug|Any CPU
		{14E34E65-66BC-4025-A2A0-E7A619E4D63E}.Debug|Any CPU.Build.0 = Debug|Any CPU
		{14E34E65-66BC-4025-A2A0-E7A619E4D63E}.Release|Any CPU.ActiveCfg = Release|Any CPU
		{14E34E65-66BC-4025-A2A0-E7A619E4D63E}.Release|Any CPU.Build.0 = Release|Any CPU
	EndGlobalSection
	GlobalSection(SolutionProperties) = preSolution
		HideSolutionNode = FALSE
	EndGlobalSection
	GlobalSection(ExtensibilityGlobals) = postSolution
		SolutionGuid = {82AF7A1E-0E32-4C62-81DA-CE57D9F17430}
	EndGlobalSection
EndGlobal
