
Microsoft Visual Studio Solution File, Format Version 12.00
# Visual Studio Version 16
VisualStudioVersion = 16.0.31402.337
MinimumVisualStudioVersion = 10.0.40219.1
Project("{FAE04EC0-301F-11D3-BF4B-00C04F79EFBC}") = "ТИ_3", "ТИ_3.csproj", "{AF92E73A-3E8E-4ADE-96F7-9FF7BEB49A55}"
EndProject
Global
	GlobalSection(SolutionConfigurationPlatforms) = preSolution
		Debug|Any CPU = Debug|Any CPU
		Release|Any CPU = Release|Any CPU
	EndGlobalSection
	GlobalSection(ProjectConfigurationPlatforms) = postSolution
		{AF92E73A-3E8E-4ADE-96F7-9FF7BEB49A55}.Debug|Any CPU.ActiveCfg = Debug|Any CPU
		{AF92E73A-3E8E-4ADE-96F7-9FF7BEB49A55}.Debug|Any CPU.Build.0 = Debug|Any CPU
		{AF92E73A-3E8E-4ADE-96F7-9FF7BEB49A55}.Release|Any CPU.ActiveCfg = Release|Any CPU
		{AF92E73A-3E8E-4ADE-96F7-9FF7BEB49A55}.Release|Any CPU.Build.0 = Release|Any CPU
	EndGlobalSection
	GlobalSection(SolutionProperties) = preSolution
		HideSolutionNode = FALSE
	EndGlobalSection
	GlobalSection(ExtensibilityGlobals) = postSolution
		SolutionGuid = {87055641-1537-4FDF-8382-E284306DD28C}
	EndGlobalSection
EndGlobal
