
Microsoft Visual Studio Solution File, Format Version 12.00
# Visual Studio Version 16
VisualStudioVersion = 16.0.31613.86
MinimumVisualStudioVersion = 10.0.40219.1
Project("{9A19103F-16F7-4668-BE54-9A1E7A4F7556}") = "DirectoryScanner.Core", "DirectoryScanner.Core\DirectoryScanner.Core.csproj", "{FC3EBFEF-1718-443C-98DA-40E5833F3465}"
EndProject
Project("{9A19103F-16F7-4668-BE54-9A1E7A4F7556}") = "DirectoryScanner.Interface", "DirectoryScanner.Interface\DirectoryScanner.Interface.csproj", "{64FB93A5-897D-460A-AAEF-3A19F8B49724}"
EndProject
Project("{FAE04EC0-301F-11D3-BF4B-00C04F79EFBC}") = "DirectoryScanner.Tests", "DirectoryScanner.Tests\DirectoryScanner.Tests.csproj", "{B1D91DAA-FE07-4AE0-9483-669D119277F6}"
EndProject
Global
	GlobalSection(SolutionConfigurationPlatforms) = preSolution
		Debug|Any CPU = Debug|Any CPU
		Release|Any CPU = Release|Any CPU
	EndGlobalSection
	GlobalSection(ProjectConfigurationPlatforms) = postSolution
		{FC3EBFEF-1718-443C-98DA-40E5833F3465}.Debug|Any CPU.ActiveCfg = Debug|Any CPU
		{FC3EBFEF-1718-443C-98DA-40E5833F3465}.Debug|Any CPU.Build.0 = Debug|Any CPU
		{FC3EBFEF-1718-443C-98DA-40E5833F3465}.Release|Any CPU.ActiveCfg = Release|Any CPU
		{FC3EBFEF-1718-443C-98DA-40E5833F3465}.Release|Any CPU.Build.0 = Release|Any CPU
		{64FB93A5-897D-460A-AAEF-3A19F8B49724}.Debug|Any CPU.ActiveCfg = Debug|Any CPU
		{64FB93A5-897D-460A-AAEF-3A19F8B49724}.Debug|Any CPU.Build.0 = Debug|Any CPU
		{64FB93A5-897D-460A-AAEF-3A19F8B49724}.Release|Any CPU.ActiveCfg = Release|Any CPU
		{64FB93A5-897D-460A-AAEF-3A19F8B49724}.Release|Any CPU.Build.0 = Release|Any CPU
		{B1D91DAA-FE07-4AE0-9483-669D119277F6}.Debug|Any CPU.ActiveCfg = Debug|Any CPU
		{B1D91DAA-FE07-4AE0-9483-669D119277F6}.Debug|Any CPU.Build.0 = Debug|Any CPU
		{B1D91DAA-FE07-4AE0-9483-669D119277F6}.Release|Any CPU.ActiveCfg = Release|Any CPU
		{B1D91DAA-FE07-4AE0-9483-669D119277F6}.Release|Any CPU.Build.0 = Release|Any CPU
	EndGlobalSection
	GlobalSection(SolutionProperties) = preSolution
		HideSolutionNode = FALSE
	EndGlobalSection
	GlobalSection(ExtensibilityGlobals) = postSolution
		SolutionGuid = {7AFBFBCA-BED4-469A-AC4F-C8A09292F9F8}
	EndGlobalSection
EndGlobal
