
Microsoft Visual Studio Solution File, Format Version 12.00
# Visual Studio Version 16
VisualStudioVersion = 16.0.31613.86
MinimumVisualStudioVersion = 10.0.40219.1
Project("{FAE04EC0-301F-11D3-BF4B-00C04F79EFBC}") = "laba1_cs", "laba1_cs\laba1_cs.csproj", "{D065D576-845C-44E9-9154-30CEDCC04F27}"
EndProject
Global
	GlobalSection(SolutionConfigurationPlatforms) = preSolution
		Debug|Any CPU = Debug|Any CPU
		Debug|x64 = Debug|x64
		Debug|x86 = Debug|x86
		Release|Any CPU = Release|Any CPU
		Release|x64 = Release|x64
		Release|x86 = Release|x86
	EndGlobalSection
	GlobalSection(ProjectConfigurationPlatforms) = postSolution
		{D065D576-845C-44E9-9154-30CEDCC04F27}.Debug|Any CPU.ActiveCfg = Debug|Any CPU
		{D065D576-845C-44E9-9154-30CEDCC04F27}.Debug|Any CPU.Build.0 = Debug|Any CPU
		{D065D576-845C-44E9-9154-30CEDCC04F27}.Debug|x64.ActiveCfg = Debug|Any CPU
		{D065D576-845C-44E9-9154-30CEDCC04F27}.Debug|x64.Build.0 = Debug|Any CPU
		{D065D576-845C-44E9-9154-30CEDCC04F27}.Debug|x86.ActiveCfg = Debug|Any CPU
		{D065D576-845C-44E9-9154-30CEDCC04F27}.Debug|x86.Build.0 = Debug|Any CPU
		{D065D576-845C-44E9-9154-30CEDCC04F27}.Release|Any CPU.ActiveCfg = Release|Any CPU
		{D065D576-845C-44E9-9154-30CEDCC04F27}.Release|Any CPU.Build.0 = Release|Any CPU
		{D065D576-845C-44E9-9154-30CEDCC04F27}.Release|x64.ActiveCfg = Release|Any CPU
		{D065D576-845C-44E9-9154-30CEDCC04F27}.Release|x64.Build.0 = Release|Any CPU
		{D065D576-845C-44E9-9154-30CEDCC04F27}.Release|x86.ActiveCfg = Release|Any CPU
		{D065D576-845C-44E9-9154-30CEDCC04F27}.Release|x86.Build.0 = Release|Any CPU
	EndGlobalSection
	GlobalSection(SolutionProperties) = preSolution
		HideSolutionNode = FALSE
	EndGlobalSection
	GlobalSection(ExtensibilityGlobals) = postSolution
		SolutionGuid = {B8297279-9FAC-436F-83A6-1DA125172365}
	EndGlobalSection
EndGlobal
