
Microsoft Visual Studio Solution File, Format Version 12.00
# Visual Studio Version 17
VisualStudioVersion = 17.4.33122.133
MinimumVisualStudioVersion = 10.0.40219.1
Project("{9A19103F-16F7-4668-BE54-9A1E7A4F7556}") = "Parser.Core", "Parser.Core\Parser.Core.csproj", "{C233244F-DB65-4538-A62F-C8E9F2716316}"
EndProject
Project("{9A19103F-16F7-4668-BE54-9A1E7A4F7556}") = "Parser.Interface", "Parser.Interface\Parser.Interface.csproj", "{613C7BB1-33DA-4F43-B58B-5153B204B681}"
EndProject
Project("{9A19103F-16F7-4668-BE54-9A1E7A4F7556}") = "Visual", "Visual\Visual.csproj", "{CA678D45-C62B-4A04-B727-86A0DF94131A}"
EndProject
Project("{9A19103F-16F7-4668-BE54-9A1E7A4F7556}") = "Renderer", "Renderer\Renderer.csproj", "{8F074C99-FC2E-47A0-9E7B-0152101761B7}"
EndProject
Project("{9A19103F-16F7-4668-BE54-9A1E7A4F7556}") = "Interaction.Com", "Interaction.Com\Interaction.Com.csproj", "{3B45BDB6-6E60-41C3-9629-4C976A4318DD}"
EndProject
Project("{9A19103F-16F7-4668-BE54-9A1E7A4F7556}") = "Interaction.Com.MPU6050", "Interaction.Com.MPU6050\Interaction.Com.MPU6050.csproj", "{71CB2087-1E97-4131-8F4E-64458E8E986A}"
EndProject
Global
	GlobalSection(SolutionConfigurationPlatforms) = preSolution
		Debug|Any CPU = Debug|Any CPU
		Release|Any CPU = Release|Any CPU
	EndGlobalSection
	GlobalSection(ProjectConfigurationPlatforms) = postSolution
		{C233244F-DB65-4538-A62F-C8E9F2716316}.Debug|Any CPU.ActiveCfg = Debug|Any CPU
		{C233244F-DB65-4538-A62F-C8E9F2716316}.Debug|Any CPU.Build.0 = Debug|Any CPU
		{C233244F-DB65-4538-A62F-C8E9F2716316}.Release|Any CPU.ActiveCfg = Release|Any CPU
		{C233244F-DB65-4538-A62F-C8E9F2716316}.Release|Any CPU.Build.0 = Release|Any CPU
		{613C7BB1-33DA-4F43-B58B-5153B204B681}.Debug|Any CPU.ActiveCfg = Debug|Any CPU
		{613C7BB1-33DA-4F43-B58B-5153B204B681}.Debug|Any CPU.Build.0 = Debug|Any CPU
		{613C7BB1-33DA-4F43-B58B-5153B204B681}.Release|Any CPU.ActiveCfg = Release|Any CPU
		{613C7BB1-33DA-4F43-B58B-5153B204B681}.Release|Any CPU.Build.0 = Release|Any CPU
		{CA678D45-C62B-4A04-B727-86A0DF94131A}.Debug|Any CPU.ActiveCfg = Debug|Any CPU
		{CA678D45-C62B-4A04-B727-86A0DF94131A}.Debug|Any CPU.Build.0 = Debug|Any CPU
		{CA678D45-C62B-4A04-B727-86A0DF94131A}.Release|Any CPU.ActiveCfg = Release|Any CPU
		{CA678D45-C62B-4A04-B727-86A0DF94131A}.Release|Any CPU.Build.0 = Release|Any CPU
		{8F074C99-FC2E-47A0-9E7B-0152101761B7}.Debug|Any CPU.ActiveCfg = Debug|Any CPU
		{8F074C99-FC2E-47A0-9E7B-0152101761B7}.Debug|Any CPU.Build.0 = Debug|Any CPU
		{8F074C99-FC2E-47A0-9E7B-0152101761B7}.Release|Any CPU.ActiveCfg = Release|Any CPU
		{8F074C99-FC2E-47A0-9E7B-0152101761B7}.Release|Any CPU.Build.0 = Release|Any CPU
		{3B45BDB6-6E60-41C3-9629-4C976A4318DD}.Debug|Any CPU.ActiveCfg = Debug|Any CPU
		{3B45BDB6-6E60-41C3-9629-4C976A4318DD}.Debug|Any CPU.Build.0 = Debug|Any CPU
		{3B45BDB6-6E60-41C3-9629-4C976A4318DD}.Release|Any CPU.ActiveCfg = Release|Any CPU
		{3B45BDB6-6E60-41C3-9629-4C976A4318DD}.Release|Any CPU.Build.0 = Release|Any CPU
		{71CB2087-1E97-4131-8F4E-64458E8E986A}.Debug|Any CPU.ActiveCfg = Debug|Any CPU
		{71CB2087-1E97-4131-8F4E-64458E8E986A}.Debug|Any CPU.Build.0 = Debug|Any CPU
		{71CB2087-1E97-4131-8F4E-64458E8E986A}.Release|Any CPU.ActiveCfg = Release|Any CPU
		{71CB2087-1E97-4131-8F4E-64458E8E986A}.Release|Any CPU.Build.0 = Release|Any CPU
	EndGlobalSection
	GlobalSection(SolutionProperties) = preSolution
		HideSolutionNode = FALSE
	EndGlobalSection
	GlobalSection(ExtensibilityGlobals) = postSolution
		SolutionGuid = {4D44CB13-1811-4D8A-AE99-333C967EC704}
	EndGlobalSection
EndGlobal
